
Microsoft Visual Studio Solution File, Format Version 12.00
# Visual Studio 14
VisualStudioVersion = 14.0.25123.0
MinimumVisualStudioVersion = 10.0.40219.1
Project("{FAE04EC0-301F-11D3-BF4B-00C04F79EFBC}") = "FlowDesign.UI", "FlowDesign.UI\FlowDesign.UI.csproj", "{A0C016E1-A72A-48AC-A94E-C8D4A118183B}"
EndProject
Project("{FAE04EC0-301F-11D3-BF4B-00C04F79EFBC}") = "FlowDesign.Service", "FlowDesign.Service\FlowDesign.Service.csproj", "{AA0BD7A3-3359-418F-AFE4-F7E5A7AC6389}"
EndProject
Project("{FAE04EC0-301F-11D3-BF4B-00C04F79EFBC}") = "FlowDesign.Model", "FlowDesign.Model\FlowDesign.Model.csproj", "{2A16DFAF-AC7D-404E-9A7B-E3E880DEBC11}"
EndProject
Project("{FAE04EC0-301F-11D3-BF4B-00C04F79EFBC}") = "FlowDesign.DataAccess", "FlowDesign.DataAccess\FlowDesign.DataAccess.csproj", "{A23F0661-EF3B-4249-BCD4-0BC07D94A546}"
EndProject
Project("{FAE04EC0-301F-11D3-BF4B-00C04F79EFBC}") = "FlowDesign.Test", "FlowDesign.Test\FlowDesign.Test.csproj", "{B1457147-0F98-423E-BB2F-46A3A4A84BD0}"
EndProject
Global
	GlobalSection(SolutionConfigurationPlatforms) = preSolution
		Debug|Any CPU = Debug|Any CPU
		Release|Any CPU = Release|Any CPU
	EndGlobalSection
	GlobalSection(ProjectConfigurationPlatforms) = postSolution
		{A0C016E1-A72A-48AC-A94E-C8D4A118183B}.Debug|Any CPU.ActiveCfg = Debug|Any CPU
		{A0C016E1-A72A-48AC-A94E-C8D4A118183B}.Debug|Any CPU.Build.0 = Debug|Any CPU
		{A0C016E1-A72A-48AC-A94E-C8D4A118183B}.Release|Any CPU.ActiveCfg = Release|Any CPU
		{A0C016E1-A72A-48AC-A94E-C8D4A118183B}.Release|Any CPU.Build.0 = Release|Any CPU
		{AA0BD7A3-3359-418F-AFE4-F7E5A7AC6389}.Debug|Any CPU.ActiveCfg = Debug|Any CPU
		{AA0BD7A3-3359-418F-AFE4-F7E5A7AC6389}.Debug|Any CPU.Build.0 = Debug|Any CPU
		{AA0BD7A3-3359-418F-AFE4-F7E5A7AC6389}.Release|Any CPU.ActiveCfg = Release|Any CPU
		{AA0BD7A3-3359-418F-AFE4-F7E5A7AC6389}.Release|Any CPU.Build.0 = Release|Any CPU
		{2A16DFAF-AC7D-404E-9A7B-E3E880DEBC11}.Debug|Any CPU.ActiveCfg = Debug|Any CPU
		{2A16DFAF-AC7D-404E-9A7B-E3E880DEBC11}.Debug|Any CPU.Build.0 = Debug|Any CPU
		{2A16DFAF-AC7D-404E-9A7B-E3E880DEBC11}.Release|Any CPU.ActiveCfg = Release|Any CPU
		{2A16DFAF-AC7D-404E-9A7B-E3E880DEBC11}.Release|Any CPU.Build.0 = Release|Any CPU
		{A23F0661-EF3B-4249-BCD4-0BC07D94A546}.Debug|Any CPU.ActiveCfg = Debug|Any CPU
		{A23F0661-EF3B-4249-BCD4-0BC07D94A546}.Debug|Any CPU.Build.0 = Debug|Any CPU
		{A23F0661-EF3B-4249-BCD4-0BC07D94A546}.Release|Any CPU.ActiveCfg = Release|Any CPU
		{A23F0661-EF3B-4249-BCD4-0BC07D94A546}.Release|Any CPU.Build.0 = Release|Any CPU
		{A23F0661-EF3B-4249-BCD4-0BC07D94A546}.Release|Any CPU.Deploy.0 = Release|Any CPU
		{B1457147-0F98-423E-BB2F-46A3A4A84BD0}.Debug|Any CPU.ActiveCfg = Debug|Any CPU
		{B1457147-0F98-423E-BB2F-46A3A4A84BD0}.Debug|Any CPU.Build.0 = Debug|Any CPU
		{B1457147-0F98-423E-BB2F-46A3A4A84BD0}.Release|Any CPU.ActiveCfg = Release|Any CPU
		{B1457147-0F98-423E-BB2F-46A3A4A84BD0}.Release|Any CPU.Build.0 = Release|Any CPU
	EndGlobalSection
	GlobalSection(SolutionProperties) = preSolution
		HideSolutionNode = FALSE
	EndGlobalSection
EndGlobal
